
Microsoft Visual Studio Solution File, Format Version 12.00
# Visual Studio Version 16
VisualStudioVersion = 16.0.30413.136
MinimumVisualStudioVersion = 10.0.40219.1
Project("{FAE04EC0-301F-11D3-BF4B-00C04F79EFBC}") = "TaskList", "TaskList\TaskList.csproj", "{5C1BC4EF-D02B-431E-B108-F696051A5045}"
EndProject
Project("{9A19103F-16F7-4668-BE54-9A1E7A4F7556}") = "MyLibs", "..\MovieList\MyLibs\MyLibs.csproj", "{6E7BE4FD-B3A8-4743-9955-7B0F6CDE610D}"
EndProject
Global
	GlobalSection(SolutionConfigurationPlatforms) = preSolution
		Debug|Any CPU = Debug|Any CPU
		Release|Any CPU = Release|Any CPU
	EndGlobalSection
	GlobalSection(ProjectConfigurationPlatforms) = postSolution
		{5C1BC4EF-D02B-431E-B108-F696051A5045}.Debug|Any CPU.ActiveCfg = Debug|Any CPU
		{5C1BC4EF-D02B-431E-B108-F696051A5045}.Debug|Any CPU.Build.0 = Debug|Any CPU
		{5C1BC4EF-D02B-431E-B108-F696051A5045}.Release|Any CPU.ActiveCfg = Release|Any CPU
		{5C1BC4EF-D02B-431E-B108-F696051A5045}.Release|Any CPU.Build.0 = Release|Any CPU
		{6E7BE4FD-B3A8-4743-9955-7B0F6CDE610D}.Debug|Any CPU.ActiveCfg = Debug|Any CPU
		{6E7BE4FD-B3A8-4743-9955-7B0F6CDE610D}.Debug|Any CPU.Build.0 = Debug|Any CPU
		{6E7BE4FD-B3A8-4743-9955-7B0F6CDE610D}.Release|Any CPU.ActiveCfg = Release|Any CPU
		{6E7BE4FD-B3A8-4743-9955-7B0F6CDE610D}.Release|Any CPU.Build.0 = Release|Any CPU
	EndGlobalSection
	GlobalSection(SolutionProperties) = preSolution
		HideSolutionNode = FALSE
	EndGlobalSection
	GlobalSection(ExtensibilityGlobals) = postSolution
		SolutionGuid = {3671ECCD-F799-4AEB-BA9A-78B446E0E0BB}
	EndGlobalSection
EndGlobal
